
Microsoft Visual Studio Solution File, Format Version 12.00
# Visual Studio Version 17
VisualStudioVersion = 17.5.33516.290
MinimumVisualStudioVersion = 10.0.40219.1
Project("{FAE04EC0-301F-11D3-BF4B-00C04F79EFBC}") = "WPF_TheKeeper", "WPF_TheKeeper\WPF_TheKeeper.csproj", "{20A29EB6-4C9D-4F8F-9003-3225BDB0A896}"
EndProject
Global
	GlobalSection(SolutionConfigurationPlatforms) = preSolution
		Debug|Any CPU = Debug|Any CPU
		Release|Any CPU = Release|Any CPU
	EndGlobalSection
	GlobalSection(ProjectConfigurationPlatforms) = postSolution
		{20A29EB6-4C9D-4F8F-9003-3225BDB0A896}.Debug|Any CPU.ActiveCfg = Debug|Any CPU
		{20A29EB6-4C9D-4F8F-9003-3225BDB0A896}.Debug|Any CPU.Build.0 = Debug|Any CPU
		{20A29EB6-4C9D-4F8F-9003-3225BDB0A896}.Release|Any CPU.ActiveCfg = Release|Any CPU
		{20A29EB6-4C9D-4F8F-9003-3225BDB0A896}.Release|Any CPU.Build.0 = Release|Any CPU
	EndGlobalSection
	GlobalSection(SolutionProperties) = preSolution
		HideSolutionNode = FALSE
	EndGlobalSection
	GlobalSection(ExtensibilityGlobals) = postSolution
		SolutionGuid = {7389D643-DD9D-46C7-81EE-CE50BF28D093}
	EndGlobalSection
EndGlobal
